
Microsoft Visual Studio Solution File, Format Version 12.00
# Visual Studio 14
VisualStudioVersion = 14.0.23107.0
MinimumVisualStudioVersion = 10.0.40219.1
Project("{262852C6-CD72-467D-83FE-5EEB1973A190}") = "Natural Reader", "Natural Reader\Natural Reader.jsproj", "{AA65F439-AD1F-4CD4-BBB3-5E06EBF223E4}"
EndProject
Project("{262852C6-CD72-467D-83FE-5EEB1973A190}") = "Voice Reader", "..\Voice Reader\Voice Reader.jsproj", "{59BE2B5A-39D1-4B60-AE8D-1DB5DDC39F70}"
EndProject
Project("{D954291E-2A0B-460D-934E-DC6B0785DB48}") = "Shared Reader", "Shared Reader\Shared Reader.shproj", "{4CBC7026-33AC-4241-8152-476B28BAA411}"
EndProject
Project("{262852C6-CD72-467D-83FE-5EEB1973A190}") = "VoiceReader", "VoiceReader\VoiceReader.jsproj", "{5A9444CE-4B9C-49AC-9CF6-0F23728F8DC6}"
EndProject
Global
	GlobalSection(SharedMSBuildProjectFiles) = preSolution
		Shared Reader\Shared_Reader.projitems*{4cbc7026-33ac-4241-8152-476b28baa411}*SharedItemsImports = 13
		Shared Reader\Shared_Reader.projitems*{aa65f439-ad1f-4cd4-bbb3-5e06ebf223e4}*SharedItemsImports = 5
		Shared Reader\Shared_Reader.projitems*{59be2b5a-39d1-4b60-ae8d-1db5ddc39f70}*SharedItemsImports = 5
	EndGlobalSection
	GlobalSection(SolutionConfigurationPlatforms) = preSolution
		Debug|Android = Debug|Android
		Debug|Any CPU = Debug|Any CPU
		Debug|ARM = Debug|ARM
		Debug|iOS = Debug|iOS
		Debug|Windows Phone (Universal) = Debug|Windows Phone (Universal)
		Debug|Windows Phone 8 = Debug|Windows Phone 8
		Debug|Windows-AnyCPU = Debug|Windows-AnyCPU
		Debug|Windows-ARM = Debug|Windows-ARM
		Debug|Windows-x64 = Debug|Windows-x64
		Debug|Windows-x86 = Debug|Windows-x86
		Debug|x64 = Debug|x64
		Debug|x86 = Debug|x86
		Release|Android = Release|Android
		Release|Any CPU = Release|Any CPU
		Release|ARM = Release|ARM
		Release|iOS = Release|iOS
		Release|Windows Phone (Universal) = Release|Windows Phone (Universal)
		Release|Windows Phone 8 = Release|Windows Phone 8
		Release|Windows-AnyCPU = Release|Windows-AnyCPU
		Release|Windows-ARM = Release|Windows-ARM
		Release|Windows-x64 = Release|Windows-x64
		Release|Windows-x86 = Release|Windows-x86
		Release|x64 = Release|x64
		Release|x86 = Release|x86
	EndGlobalSection
	GlobalSection(ProjectConfigurationPlatforms) = postSolution
		{AA65F439-AD1F-4CD4-BBB3-5E06EBF223E4}.Debug|Android.ActiveCfg = Debug|Any CPU
		{AA65F439-AD1F-4CD4-BBB3-5E06EBF223E4}.Debug|Android.Build.0 = Debug|Any CPU
		{AA65F439-AD1F-4CD4-BBB3-5E06EBF223E4}.Debug|Android.Deploy.0 = Debug|Any CPU
		{AA65F439-AD1F-4CD4-BBB3-5E06EBF223E4}.Debug|Any CPU.ActiveCfg = Debug|Any CPU
		{AA65F439-AD1F-4CD4-BBB3-5E06EBF223E4}.Debug|Any CPU.Build.0 = Debug|Any CPU
		{AA65F439-AD1F-4CD4-BBB3-5E06EBF223E4}.Debug|Any CPU.Deploy.0 = Debug|Any CPU
		{AA65F439-AD1F-4CD4-BBB3-5E06EBF223E4}.Debug|ARM.ActiveCfg = Debug|ARM
		{AA65F439-AD1F-4CD4-BBB3-5E06EBF223E4}.Debug|ARM.Build.0 = Debug|ARM
		{AA65F439-AD1F-4CD4-BBB3-5E06EBF223E4}.Debug|ARM.Deploy.0 = Debug|ARM
		{AA65F439-AD1F-4CD4-BBB3-5E06EBF223E4}.Debug|iOS.ActiveCfg = Debug|Any CPU
		{AA65F439-AD1F-4CD4-BBB3-5E06EBF223E4}.Debug|iOS.Build.0 = Debug|Any CPU
		{AA65F439-AD1F-4CD4-BBB3-5E06EBF223E4}.Debug|iOS.Deploy.0 = Debug|Any CPU
		{AA65F439-AD1F-4CD4-BBB3-5E06EBF223E4}.Debug|Windows Phone (Universal).ActiveCfg = Debug|Any CPU
		{AA65F439-AD1F-4CD4-BBB3-5E06EBF223E4}.Debug|Windows Phone (Universal).Build.0 = Debug|Any CPU
		{AA65F439-AD1F-4CD4-BBB3-5E06EBF223E4}.Debug|Windows Phone (Universal).Deploy.0 = Debug|Any CPU
		{AA65F439-AD1F-4CD4-BBB3-5E06EBF223E4}.Debug|Windows Phone 8.ActiveCfg = Debug|Any CPU
		{AA65F439-AD1F-4CD4-BBB3-5E06EBF223E4}.Debug|Windows Phone 8.Build.0 = Debug|Any CPU
		{AA65F439-AD1F-4CD4-BBB3-5E06EBF223E4}.Debug|Windows Phone 8.Deploy.0 = Debug|Any CPU
		{AA65F439-AD1F-4CD4-BBB3-5E06EBF223E4}.Debug|Windows-AnyCPU.ActiveCfg = Debug|Any CPU
		{AA65F439-AD1F-4CD4-BBB3-5E06EBF223E4}.Debug|Windows-AnyCPU.Build.0 = Debug|Any CPU
		{AA65F439-AD1F-4CD4-BBB3-5E06EBF223E4}.Debug|Windows-AnyCPU.Deploy.0 = Debug|Any CPU
		{AA65F439-AD1F-4CD4-BBB3-5E06EBF223E4}.Debug|Windows-ARM.ActiveCfg = Debug|Any CPU
		{AA65F439-AD1F-4CD4-BBB3-5E06EBF223E4}.Debug|Windows-ARM.Build.0 = Debug|Any CPU
		{AA65F439-AD1F-4CD4-BBB3-5E06EBF223E4}.Debug|Windows-ARM.Deploy.0 = Debug|Any CPU
		{AA65F439-AD1F-4CD4-BBB3-5E06EBF223E4}.Debug|Windows-x64.ActiveCfg = Debug|Any CPU
		{AA65F439-AD1F-4CD4-BBB3-5E06EBF223E4}.Debug|Windows-x64.Build.0 = Debug|Any CPU
		{AA65F439-AD1F-4CD4-BBB3-5E06EBF223E4}.Debug|Windows-x64.Deploy.0 = Debug|Any CPU
		{AA65F439-AD1F-4CD4-BBB3-5E06EBF223E4}.Debug|Windows-x86.ActiveCfg = Debug|Any CPU
		{AA65F439-AD1F-4CD4-BBB3-5E06EBF223E4}.Debug|Windows-x86.Build.0 = Debug|Any CPU
		{AA65F439-AD1F-4CD4-BBB3-5E06EBF223E4}.Debug|Windows-x86.Deploy.0 = Debug|Any CPU
		{AA65F439-AD1F-4CD4-BBB3-5E06EBF223E4}.Debug|x64.ActiveCfg = Debug|x64
		{AA65F439-AD1F-4CD4-BBB3-5E06EBF223E4}.Debug|x64.Build.0 = Debug|x64
		{AA65F439-AD1F-4CD4-BBB3-5E06EBF223E4}.Debug|x64.Deploy.0 = Debug|x64
		{AA65F439-AD1F-4CD4-BBB3-5E06EBF223E4}.Debug|x86.ActiveCfg = Debug|x86
		{AA65F439-AD1F-4CD4-BBB3-5E06EBF223E4}.Debug|x86.Build.0 = Debug|x86
		{AA65F439-AD1F-4CD4-BBB3-5E06EBF223E4}.Debug|x86.Deploy.0 = Debug|x86
		{AA65F439-AD1F-4CD4-BBB3-5E06EBF223E4}.Release|Android.ActiveCfg = Release|Any CPU
		{AA65F439-AD1F-4CD4-BBB3-5E06EBF223E4}.Release|Android.Build.0 = Release|Any CPU
		{AA65F439-AD1F-4CD4-BBB3-5E06EBF223E4}.Release|Android.Deploy.0 = Release|Any CPU
		{AA65F439-AD1F-4CD4-BBB3-5E06EBF223E4}.Release|Any CPU.ActiveCfg = Release|Any CPU
		{AA65F439-AD1F-4CD4-BBB3-5E06EBF223E4}.Release|Any CPU.Build.0 = Release|Any CPU
		{AA65F439-AD1F-4CD4-BBB3-5E06EBF223E4}.Release|Any CPU.Deploy.0 = Release|Any CPU
		{AA65F439-AD1F-4CD4-BBB3-5E06EBF223E4}.Release|ARM.ActiveCfg = Release|ARM
		{AA65F439-AD1F-4CD4-BBB3-5E06EBF223E4}.Release|ARM.Build.0 = Release|ARM
		{AA65F439-AD1F-4CD4-BBB3-5E06EBF223E4}.Release|ARM.Deploy.0 = Release|ARM
		{AA65F439-AD1F-4CD4-BBB3-5E06EBF223E4}.Release|iOS.ActiveCfg = Release|Any CPU
		{AA65F439-AD1F-4CD4-BBB3-5E06EBF223E4}.Release|iOS.Build.0 = Release|Any CPU
		{AA65F439-AD1F-4CD4-BBB3-5E06EBF223E4}.Release|iOS.Deploy.0 = Release|Any CPU
		{AA65F439-AD1F-4CD4-BBB3-5E06EBF223E4}.Release|Windows Phone (Universal).ActiveCfg = Release|Any CPU
		{AA65F439-AD1F-4CD4-BBB3-5E06EBF223E4}.Release|Windows Phone (Universal).Build.0 = Release|Any CPU
		{AA65F439-AD1F-4CD4-BBB3-5E06EBF223E4}.Release|Windows Phone (Universal).Deploy.0 = Release|Any CPU
		{AA65F439-AD1F-4CD4-BBB3-5E06EBF223E4}.Release|Windows Phone 8.ActiveCfg = Release|Any CPU
		{AA65F439-AD1F-4CD4-BBB3-5E06EBF223E4}.Release|Windows Phone 8.Build.0 = Release|Any CPU
		{AA65F439-AD1F-4CD4-BBB3-5E06EBF223E4}.Release|Windows Phone 8.Deploy.0 = Release|Any CPU
		{AA65F439-AD1F-4CD4-BBB3-5E06EBF223E4}.Release|Windows-AnyCPU.ActiveCfg = Release|Any CPU
		{AA65F439-AD1F-4CD4-BBB3-5E06EBF223E4}.Release|Windows-AnyCPU.Build.0 = Release|Any CPU
		{AA65F439-AD1F-4CD4-BBB3-5E06EBF223E4}.Release|Windows-AnyCPU.Deploy.0 = Release|Any CPU
		{AA65F439-AD1F-4CD4-BBB3-5E06EBF223E4}.Release|Windows-ARM.ActiveCfg = Release|Any CPU
		{AA65F439-AD1F-4CD4-BBB3-5E06EBF223E4}.Release|Windows-ARM.Build.0 = Release|Any CPU
		{AA65F439-AD1F-4CD4-BBB3-5E06EBF223E4}.Release|Windows-ARM.Deploy.0 = Release|Any CPU
		{AA65F439-AD1F-4CD4-BBB3-5E06EBF223E4}.Release|Windows-x64.ActiveCfg = Release|Any CPU
		{AA65F439-AD1F-4CD4-BBB3-5E06EBF223E4}.Release|Windows-x64.Build.0 = Release|Any CPU
		{AA65F439-AD1F-4CD4-BBB3-5E06EBF223E4}.Release|Windows-x64.Deploy.0 = Release|Any CPU
		{AA65F439-AD1F-4CD4-BBB3-5E06EBF223E4}.Release|Windows-x86.ActiveCfg = Release|Any CPU
		{AA65F439-AD1F-4CD4-BBB3-5E06EBF223E4}.Release|Windows-x86.Build.0 = Release|Any CPU
		{AA65F439-AD1F-4CD4-BBB3-5E06EBF223E4}.Release|Windows-x86.Deploy.0 = Release|Any CPU
		{AA65F439-AD1F-4CD4-BBB3-5E06EBF223E4}.Release|x64.ActiveCfg = Release|x64
		{AA65F439-AD1F-4CD4-BBB3-5E06EBF223E4}.Release|x64.Build.0 = Release|x64
		{AA65F439-AD1F-4CD4-BBB3-5E06EBF223E4}.Release|x64.Deploy.0 = Release|x64
		{AA65F439-AD1F-4CD4-BBB3-5E06EBF223E4}.Release|x86.ActiveCfg = Release|x86
		{AA65F439-AD1F-4CD4-BBB3-5E06EBF223E4}.Release|x86.Build.0 = Release|x86
		{AA65F439-AD1F-4CD4-BBB3-5E06EBF223E4}.Release|x86.Deploy.0 = Release|x86
		{59BE2B5A-39D1-4B60-AE8D-1DB5DDC39F70}.Debug|Android.ActiveCfg = Debug|Any CPU
		{59BE2B5A-39D1-4B60-AE8D-1DB5DDC39F70}.Debug|Android.Build.0 = Debug|Any CPU
		{59BE2B5A-39D1-4B60-AE8D-1DB5DDC39F70}.Debug|Android.Deploy.0 = Debug|Any CPU
		{59BE2B5A-39D1-4B60-AE8D-1DB5DDC39F70}.Debug|Any CPU.ActiveCfg = Debug|Any CPU
		{59BE2B5A-39D1-4B60-AE8D-1DB5DDC39F70}.Debug|Any CPU.Build.0 = Debug|Any CPU
		{59BE2B5A-39D1-4B60-AE8D-1DB5DDC39F70}.Debug|Any CPU.Deploy.0 = Debug|Any CPU
		{59BE2B5A-39D1-4B60-AE8D-1DB5DDC39F70}.Debug|ARM.ActiveCfg = Debug|ARM
		{59BE2B5A-39D1-4B60-AE8D-1DB5DDC39F70}.Debug|ARM.Build.0 = Debug|ARM
		{59BE2B5A-39D1-4B60-AE8D-1DB5DDC39F70}.Debug|ARM.Deploy.0 = Debug|ARM
		{59BE2B5A-39D1-4B60-AE8D-1DB5DDC39F70}.Debug|iOS.ActiveCfg = Debug|Any CPU
		{59BE2B5A-39D1-4B60-AE8D-1DB5DDC39F70}.Debug|iOS.Build.0 = Debug|Any CPU
		{59BE2B5A-39D1-4B60-AE8D-1DB5DDC39F70}.Debug|iOS.Deploy.0 = Debug|Any CPU
		{59BE2B5A-39D1-4B60-AE8D-1DB5DDC39F70}.Debug|Windows Phone (Universal).ActiveCfg = Debug|Any CPU
		{59BE2B5A-39D1-4B60-AE8D-1DB5DDC39F70}.Debug|Windows Phone (Universal).Build.0 = Debug|Any CPU
		{59BE2B5A-39D1-4B60-AE8D-1DB5DDC39F70}.Debug|Windows Phone (Universal).Deploy.0 = Debug|Any CPU
		{59BE2B5A-39D1-4B60-AE8D-1DB5DDC39F70}.Debug|Windows Phone 8.ActiveCfg = Debug|Any CPU
		{59BE2B5A-39D1-4B60-AE8D-1DB5DDC39F70}.Debug|Windows Phone 8.Build.0 = Debug|Any CPU
		{59BE2B5A-39D1-4B60-AE8D-1DB5DDC39F70}.Debug|Windows Phone 8.Deploy.0 = Debug|Any CPU
		{59BE2B5A-39D1-4B60-AE8D-1DB5DDC39F70}.Debug|Windows-AnyCPU.ActiveCfg = Debug|Any CPU
		{59BE2B5A-39D1-4B60-AE8D-1DB5DDC39F70}.Debug|Windows-AnyCPU.Build.0 = Debug|Any CPU
		{59BE2B5A-39D1-4B60-AE8D-1DB5DDC39F70}.Debug|Windows-AnyCPU.Deploy.0 = Debug|Any CPU
		{59BE2B5A-39D1-4B60-AE8D-1DB5DDC39F70}.Debug|Windows-ARM.ActiveCfg = Debug|Any CPU
		{59BE2B5A-39D1-4B60-AE8D-1DB5DDC39F70}.Debug|Windows-ARM.Build.0 = Debug|Any CPU
		{59BE2B5A-39D1-4B60-AE8D-1DB5DDC39F70}.Debug|Windows-ARM.Deploy.0 = Debug|Any CPU
		{59BE2B5A-39D1-4B60-AE8D-1DB5DDC39F70}.Debug|Windows-x64.ActiveCfg = Debug|Any CPU
		{59BE2B5A-39D1-4B60-AE8D-1DB5DDC39F70}.Debug|Windows-x64.Build.0 = Debug|Any CPU
		{59BE2B5A-39D1-4B60-AE8D-1DB5DDC39F70}.Debug|Windows-x64.Deploy.0 = Debug|Any CPU
		{59BE2B5A-39D1-4B60-AE8D-1DB5DDC39F70}.Debug|Windows-x86.ActiveCfg = Debug|Any CPU
		{59BE2B5A-39D1-4B60-AE8D-1DB5DDC39F70}.Debug|Windows-x86.Build.0 = Debug|Any CPU
		{59BE2B5A-39D1-4B60-AE8D-1DB5DDC39F70}.Debug|Windows-x86.Deploy.0 = Debug|Any CPU
		{59BE2B5A-39D1-4B60-AE8D-1DB5DDC39F70}.Debug|x64.ActiveCfg = Debug|x64
		{59BE2B5A-39D1-4B60-AE8D-1DB5DDC39F70}.Debug|x64.Build.0 = Debug|x64
		{59BE2B5A-39D1-4B60-AE8D-1DB5DDC39F70}.Debug|x64.Deploy.0 = Debug|x64
		{59BE2B5A-39D1-4B60-AE8D-1DB5DDC39F70}.Debug|x86.ActiveCfg = Debug|x86
		{59BE2B5A-39D1-4B60-AE8D-1DB5DDC39F70}.Debug|x86.Build.0 = Debug|x86
		{59BE2B5A-39D1-4B60-AE8D-1DB5DDC39F70}.Debug|x86.Deploy.0 = Debug|x86
		{59BE2B5A-39D1-4B60-AE8D-1DB5DDC39F70}.Release|Android.ActiveCfg = Release|Any CPU
		{59BE2B5A-39D1-4B60-AE8D-1DB5DDC39F70}.Release|Android.Build.0 = Release|Any CPU
		{59BE2B5A-39D1-4B60-AE8D-1DB5DDC39F70}.Release|Android.Deploy.0 = Release|Any CPU
		{59BE2B5A-39D1-4B60-AE8D-1DB5DDC39F70}.Release|Any CPU.ActiveCfg = Release|Any CPU
		{59BE2B5A-39D1-4B60-AE8D-1DB5DDC39F70}.Release|Any CPU.Build.0 = Release|Any CPU
		{59BE2B5A-39D1-4B60-AE8D-1DB5DDC39F70}.Release|Any CPU.Deploy.0 = Release|Any CPU
		{59BE2B5A-39D1-4B60-AE8D-1DB5DDC39F70}.Release|ARM.ActiveCfg = Release|ARM
		{59BE2B5A-39D1-4B60-AE8D-1DB5DDC39F70}.Release|ARM.Build.0 = Release|ARM
		{59BE2B5A-39D1-4B60-AE8D-1DB5DDC39F70}.Release|ARM.Deploy.0 = Release|ARM
		{59BE2B5A-39D1-4B60-AE8D-1DB5DDC39F70}.Release|iOS.ActiveCfg = Release|Any CPU
		{59BE2B5A-39D1-4B60-AE8D-1DB5DDC39F70}.Release|iOS.Build.0 = Release|Any CPU
		{59BE2B5A-39D1-4B60-AE8D-1DB5DDC39F70}.Release|iOS.Deploy.0 = Release|Any CPU
		{59BE2B5A-39D1-4B60-AE8D-1DB5DDC39F70}.Release|Windows Phone (Universal).ActiveCfg = Release|Any CPU
		{59BE2B5A-39D1-4B60-AE8D-1DB5DDC39F70}.Release|Windows Phone (Universal).Build.0 = Release|Any CPU
		{59BE2B5A-39D1-4B60-AE8D-1DB5DDC39F70}.Release|Windows Phone (Universal).Deploy.0 = Release|Any CPU
		{59BE2B5A-39D1-4B60-AE8D-1DB5DDC39F70}.Release|Windows Phone 8.ActiveCfg = Release|Any CPU
		{59BE2B5A-39D1-4B60-AE8D-1DB5DDC39F70}.Release|Windows Phone 8.Build.0 = Release|Any CPU
		{59BE2B5A-39D1-4B60-AE8D-1DB5DDC39F70}.Release|Windows Phone 8.Deploy.0 = Release|Any CPU
		{59BE2B5A-39D1-4B60-AE8D-1DB5DDC39F70}.Release|Windows-AnyCPU.ActiveCfg = Release|Any CPU
		{59BE2B5A-39D1-4B60-AE8D-1DB5DDC39F70}.Release|Windows-AnyCPU.Build.0 = Release|Any CPU
		{59BE2B5A-39D1-4B60-AE8D-1DB5DDC39F70}.Release|Windows-AnyCPU.Deploy.0 = Release|Any CPU
		{59BE2B5A-39D1-4B60-AE8D-1DB5DDC39F70}.Release|Windows-ARM.ActiveCfg = Release|Any CPU
		{59BE2B5A-39D1-4B60-AE8D-1DB5DDC39F70}.Release|Windows-ARM.Build.0 = Release|Any CPU
		{59BE2B5A-39D1-4B60-AE8D-1DB5DDC39F70}.Release|Windows-ARM.Deploy.0 = Release|Any CPU
		{59BE2B5A-39D1-4B60-AE8D-1DB5DDC39F70}.Release|Windows-x64.ActiveCfg = Release|Any CPU
		{59BE2B5A-39D1-4B60-AE8D-1DB5DDC39F70}.Release|Windows-x64.Build.0 = Release|Any CPU
		{59BE2B5A-39D1-4B60-AE8D-1DB5DDC39F70}.Release|Windows-x64.Deploy.0 = Release|Any CPU
		{59BE2B5A-39D1-4B60-AE8D-1DB5DDC39F70}.Release|Windows-x86.ActiveCfg = Release|Any CPU
		{59BE2B5A-39D1-4B60-AE8D-1DB5DDC39F70}.Release|Windows-x86.Build.0 = Release|Any CPU
		{59BE2B5A-39D1-4B60-AE8D-1DB5DDC39F70}.Release|Windows-x86.Deploy.0 = Release|Any CPU
		{59BE2B5A-39D1-4B60-AE8D-1DB5DDC39F70}.Release|x64.ActiveCfg = Release|x64
		{59BE2B5A-39D1-4B60-AE8D-1DB5DDC39F70}.Release|x64.Build.0 = Release|x64
		{59BE2B5A-39D1-4B60-AE8D-1DB5DDC39F70}.Release|x64.Deploy.0 = Release|x64
		{59BE2B5A-39D1-4B60-AE8D-1DB5DDC39F70}.Release|x86.ActiveCfg = Release|x86
		{59BE2B5A-39D1-4B60-AE8D-1DB5DDC39F70}.Release|x86.Build.0 = Release|x86
		{59BE2B5A-39D1-4B60-AE8D-1DB5DDC39F70}.Release|x86.Deploy.0 = Release|x86
		{5A9444CE-4B9C-49AC-9CF6-0F23728F8DC6}.Debug|Android.ActiveCfg = Debug|Android
		{5A9444CE-4B9C-49AC-9CF6-0F23728F8DC6}.Debug|Android.Build.0 = Debug|Android
		{5A9444CE-4B9C-49AC-9CF6-0F23728F8DC6}.Debug|Android.Deploy.0 = Debug|Android
		{5A9444CE-4B9C-49AC-9CF6-0F23728F8DC6}.Debug|Any CPU.ActiveCfg = Debug|Android
		{5A9444CE-4B9C-49AC-9CF6-0F23728F8DC6}.Debug|ARM.ActiveCfg = Debug|Windows-ARM
		{5A9444CE-4B9C-49AC-9CF6-0F23728F8DC6}.Debug|iOS.ActiveCfg = Debug|iOS
		{5A9444CE-4B9C-49AC-9CF6-0F23728F8DC6}.Debug|iOS.Build.0 = Debug|iOS
		{5A9444CE-4B9C-49AC-9CF6-0F23728F8DC6}.Debug|iOS.Deploy.0 = Debug|iOS
		{5A9444CE-4B9C-49AC-9CF6-0F23728F8DC6}.Debug|Windows Phone (Universal).ActiveCfg = Debug|Windows Phone (Universal)
		{5A9444CE-4B9C-49AC-9CF6-0F23728F8DC6}.Debug|Windows Phone (Universal).Build.0 = Debug|Windows Phone (Universal)
		{5A9444CE-4B9C-49AC-9CF6-0F23728F8DC6}.Debug|Windows Phone (Universal).Deploy.0 = Debug|Windows Phone (Universal)
		{5A9444CE-4B9C-49AC-9CF6-0F23728F8DC6}.Debug|Windows Phone 8.ActiveCfg = Debug|Windows Phone 8
		{5A9444CE-4B9C-49AC-9CF6-0F23728F8DC6}.Debug|Windows Phone 8.Build.0 = Debug|Windows Phone 8
		{5A9444CE-4B9C-49AC-9CF6-0F23728F8DC6}.Debug|Windows Phone 8.Deploy.0 = Debug|Windows Phone 8
		{5A9444CE-4B9C-49AC-9CF6-0F23728F8DC6}.Debug|Windows-AnyCPU.ActiveCfg = Debug|Windows-AnyCPU
		{5A9444CE-4B9C-49AC-9CF6-0F23728F8DC6}.Debug|Windows-AnyCPU.Build.0 = Debug|Windows-AnyCPU
		{5A9444CE-4B9C-49AC-9CF6-0F23728F8DC6}.Debug|Windows-AnyCPU.Deploy.0 = Debug|Windows-AnyCPU
		{5A9444CE-4B9C-49AC-9CF6-0F23728F8DC6}.Debug|Windows-ARM.ActiveCfg = Debug|Windows-ARM
		{5A9444CE-4B9C-49AC-9CF6-0F23728F8DC6}.Debug|Windows-ARM.Build.0 = Debug|Windows-ARM
		{5A9444CE-4B9C-49AC-9CF6-0F23728F8DC6}.Debug|Windows-ARM.Deploy.0 = Debug|Windows-ARM
		{5A9444CE-4B9C-49AC-9CF6-0F23728F8DC6}.Debug|Windows-x64.ActiveCfg = Debug|Windows-x64
		{5A9444CE-4B9C-49AC-9CF6-0F23728F8DC6}.Debug|Windows-x64.Build.0 = Debug|Windows-x64
		{5A9444CE-4B9C-49AC-9CF6-0F23728F8DC6}.Debug|Windows-x64.Deploy.0 = Debug|Windows-x64
		{5A9444CE-4B9C-49AC-9CF6-0F23728F8DC6}.Debug|Windows-x86.ActiveCfg = Debug|Windows-x86
		{5A9444CE-4B9C-49AC-9CF6-0F23728F8DC6}.Debug|Windows-x86.Build.0 = Debug|Windows-x86
		{5A9444CE-4B9C-49AC-9CF6-0F23728F8DC6}.Debug|Windows-x86.Deploy.0 = Debug|Windows-x86
		{5A9444CE-4B9C-49AC-9CF6-0F23728F8DC6}.Debug|x64.ActiveCfg = Debug|Windows-x64
		{5A9444CE-4B9C-49AC-9CF6-0F23728F8DC6}.Debug|x86.ActiveCfg = Debug|Windows-x86
		{5A9444CE-4B9C-49AC-9CF6-0F23728F8DC6}.Release|Android.ActiveCfg = Release|Android
		{5A9444CE-4B9C-49AC-9CF6-0F23728F8DC6}.Release|Android.Build.0 = Release|Android
		{5A9444CE-4B9C-49AC-9CF6-0F23728F8DC6}.Release|Android.Deploy.0 = Release|Android
		{5A9444CE-4B9C-49AC-9CF6-0F23728F8DC6}.Release|Any CPU.ActiveCfg = Release|Android
		{5A9444CE-4B9C-49AC-9CF6-0F23728F8DC6}.Release|ARM.ActiveCfg = Release|Windows-ARM
		{5A9444CE-4B9C-49AC-9CF6-0F23728F8DC6}.Release|iOS.ActiveCfg = Release|iOS
		{5A9444CE-4B9C-49AC-9CF6-0F23728F8DC6}.Release|iOS.Build.0 = Release|iOS
		{5A9444CE-4B9C-49AC-9CF6-0F23728F8DC6}.Release|iOS.Deploy.0 = Release|iOS
		{5A9444CE-4B9C-49AC-9CF6-0F23728F8DC6}.Release|Windows Phone (Universal).ActiveCfg = Release|Windows Phone (Universal)
		{5A9444CE-4B9C-49AC-9CF6-0F23728F8DC6}.Release|Windows Phone (Universal).Build.0 = Release|Windows Phone (Universal)
		{5A9444CE-4B9C-49AC-9CF6-0F23728F8DC6}.Release|Windows Phone (Universal).Deploy.0 = Release|Windows Phone (Universal)
		{5A9444CE-4B9C-49AC-9CF6-0F23728F8DC6}.Release|Windows Phone 8.ActiveCfg = Release|Windows Phone 8
		{5A9444CE-4B9C-49AC-9CF6-0F23728F8DC6}.Release|Windows Phone 8.Build.0 = Release|Windows Phone 8
		{5A9444CE-4B9C-49AC-9CF6-0F23728F8DC6}.Release|Windows Phone 8.Deploy.0 = Release|Windows Phone 8
		{5A9444CE-4B9C-49AC-9CF6-0F23728F8DC6}.Release|Windows-AnyCPU.ActiveCfg = Release|Windows-AnyCPU
		{5A9444CE-4B9C-49AC-9CF6-0F23728F8DC6}.Release|Windows-AnyCPU.Build.0 = Release|Windows-AnyCPU
		{5A9444CE-4B9C-49AC-9CF6-0F23728F8DC6}.Release|Windows-AnyCPU.Deploy.0 = Release|Windows-AnyCPU
		{5A9444CE-4B9C-49AC-9CF6-0F23728F8DC6}.Release|Windows-ARM.ActiveCfg = Release|Windows-ARM
		{5A9444CE-4B9C-49AC-9CF6-0F23728F8DC6}.Release|Windows-ARM.Build.0 = Release|Windows-ARM
		{5A9444CE-4B9C-49AC-9CF6-0F23728F8DC6}.Release|Windows-ARM.Deploy.0 = Release|Windows-ARM
		{5A9444CE-4B9C-49AC-9CF6-0F23728F8DC6}.Release|Windows-x64.ActiveCfg = Release|Windows-x64
		{5A9444CE-4B9C-49AC-9CF6-0F23728F8DC6}.Release|Windows-x64.Build.0 = Release|Windows-x64
		{5A9444CE-4B9C-49AC-9CF6-0F23728F8DC6}.Release|Windows-x64.Deploy.0 = Release|Windows-x64
		{5A9444CE-4B9C-49AC-9CF6-0F23728F8DC6}.Release|Windows-x86.ActiveCfg = Release|Windows-x86
		{5A9444CE-4B9C-49AC-9CF6-0F23728F8DC6}.Release|Windows-x86.Build.0 = Release|Windows-x86
		{5A9444CE-4B9C-49AC-9CF6-0F23728F8DC6}.Release|Windows-x86.Deploy.0 = Release|Windows-x86
		{5A9444CE-4B9C-49AC-9CF6-0F23728F8DC6}.Release|x64.ActiveCfg = Release|Windows-x64
		{5A9444CE-4B9C-49AC-9CF6-0F23728F8DC6}.Release|x86.ActiveCfg = Release|Windows-x86
	EndGlobalSection
	GlobalSection(SolutionProperties) = preSolution
		HideSolutionNode = FALSE
	EndGlobalSection
	GlobalSection(TeamFoundationVersionControl) = preSolution
		SccNumberOfProjects = 6
		SccEnterpriseProvider = {4CA58AB2-18FA-4F8D-95D4-32DDF27D184C}
		SccTeamFoundationServer = https://europe.visualstudio.com/defaultcollection
		SccLocalPath0 = .
		SccProjectUniqueName1 = Natural\u0020Reader\\Natural\u0020Reader.jsproj
		SccProjectName1 = Natural\u0020Reader
		SccLocalPath1 = Natural\u0020Reader
		SccProjectUniqueName2 = ..\\Voice\u0020Reader\\Voice\u0020Reader.jsproj
		SccProjectName2 = ../Voice\u0020Reader
		SccLocalPath2 = ..\\Voice\u0020Reader
		SccProjectUniqueName3 = Shared\u0020Reader\\Shared\u0020Reader.shproj
		SccProjectName3 = Shared\u0020Reader
		SccLocalPath3 = Shared\u0020Reader
		SccProjectUniqueName4 = Shared\u0020Reader\\Shared_Reader.projitems
		SccProjectTopLevelParentUniqueName4 = Shared\u0020Reader\\Shared\u0020Reader.shproj
		SccProjectName4 = Shared\u0020Reader
		SccLocalPath4 = Shared\u0020Reader
		SccProjectUniqueName5 = VoiceReader\\VoiceReader.jsproj
		SccProjectName5 = VoiceReader
		SccLocalPath5 = VoiceReader
	EndGlobalSection
EndGlobal
